
Microsoft Visual Studio Solution File, Format Version 12.00
# Visual Studio Version 17
VisualStudioVersion = 17.0.32112.339
MinimumVisualStudioVersion = 10.0.40219.1
Project("{FAE04EC0-301F-11D3-BF4B-00C04F79EFBC}") = "ChatGpt_Csharp", "ChatGpt_Csharp\ChatGpt_Csharp.csproj", "{5632138D-00F4-4CBA-B900-A3697C070969}"
EndProject
Global
	GlobalSection(SolutionConfigurationPlatforms) = preSolution
		Debug|Any CPU = Debug|Any CPU
		Release|Any CPU = Release|Any CPU
	EndGlobalSection
	GlobalSection(ProjectConfigurationPlatforms) = postSolution
		{5632138D-00F4-4CBA-B900-A3697C070969}.Debug|Any CPU.ActiveCfg = Debug|Any CPU
		{5632138D-00F4-4CBA-B900-A3697C070969}.Debug|Any CPU.Build.0 = Debug|Any CPU
		{5632138D-00F4-4CBA-B900-A3697C070969}.Release|Any CPU.ActiveCfg = Release|Any CPU
		{5632138D-00F4-4CBA-B900-A3697C070969}.Release|Any CPU.Build.0 = Release|Any CPU
	EndGlobalSection
	GlobalSection(SolutionProperties) = preSolution
		HideSolutionNode = FALSE
	EndGlobalSection
	GlobalSection(ExtensibilityGlobals) = postSolution
		SolutionGuid = {F4D5F6A5-A205-4559-BFF5-3A8E0B6840AD}
	EndGlobalSection
EndGlobal
